
Microsoft Visual Studio Solution File, Format Version 12.00
# Visual Studio Version 16
VisualStudioVersion = 16.0.29230.47
MinimumVisualStudioVersion = 10.0.40219.1
Project("{9A19103F-16F7-4668-BE54-9A1E7A4F7556}") = "ImmuneAndReadyToHelp", "ImmuneAndReadyToHelp\ImmuneAndReadyToHelp.csproj", "{08953E3D-F89E-4BC8-BD5F-ADDD4B1E7EC4}"
EndProject
Project("{9A19103F-16F7-4668-BE54-9A1E7A4F7556}") = "ImmuneAndReadyToHelp.Core", "ImmuneAndReadyToHelp.Core\ImmuneAndReadyToHelp.Core.csproj", "{271A0D21-A8E4-4839-8A88-2B7E33415813}"
EndProject
Project("{9A19103F-16F7-4668-BE54-9A1E7A4F7556}") = "ImmuneAndReadyToHelp.Tests", "ImmuneAndReadyToHelp.Tests\ImmuneAndReadyToHelp.Tests.csproj", "{52B770C8-5CDE-4403-B10B-E1AB4C32F720}"
EndProject
Global
	GlobalSection(SolutionConfigurationPlatforms) = preSolution
		Debug|Any CPU = Debug|Any CPU
		Release|Any CPU = Release|Any CPU
	EndGlobalSection
	GlobalSection(ProjectConfigurationPlatforms) = postSolution
		{08953E3D-F89E-4BC8-BD5F-ADDD4B1E7EC4}.Debug|Any CPU.ActiveCfg = Debug|Any CPU
		{08953E3D-F89E-4BC8-BD5F-ADDD4B1E7EC4}.Debug|Any CPU.Build.0 = Debug|Any CPU
		{08953E3D-F89E-4BC8-BD5F-ADDD4B1E7EC4}.Release|Any CPU.ActiveCfg = Release|Any CPU
		{08953E3D-F89E-4BC8-BD5F-ADDD4B1E7EC4}.Release|Any CPU.Build.0 = Release|Any CPU
		{271A0D21-A8E4-4839-8A88-2B7E33415813}.Debug|Any CPU.ActiveCfg = Debug|Any CPU
		{271A0D21-A8E4-4839-8A88-2B7E33415813}.Debug|Any CPU.Build.0 = Debug|Any CPU
		{271A0D21-A8E4-4839-8A88-2B7E33415813}.Release|Any CPU.ActiveCfg = Release|Any CPU
		{271A0D21-A8E4-4839-8A88-2B7E33415813}.Release|Any CPU.Build.0 = Release|Any CPU
		{52B770C8-5CDE-4403-B10B-E1AB4C32F720}.Debug|Any CPU.ActiveCfg = Debug|Any CPU
		{52B770C8-5CDE-4403-B10B-E1AB4C32F720}.Debug|Any CPU.Build.0 = Debug|Any CPU
		{52B770C8-5CDE-4403-B10B-E1AB4C32F720}.Release|Any CPU.ActiveCfg = Release|Any CPU
		{52B770C8-5CDE-4403-B10B-E1AB4C32F720}.Release|Any CPU.Build.0 = Release|Any CPU
	EndGlobalSection
	GlobalSection(SolutionProperties) = preSolution
		HideSolutionNode = FALSE
	EndGlobalSection
	GlobalSection(ExtensibilityGlobals) = postSolution
		SolutionGuid = {5DF4855E-E776-458B-BADD-CE49380453F8}
	EndGlobalSection
EndGlobal
